
Microsoft Visual Studio Solution File, Format Version 12.00
# Visual Studio Version 18
VisualStudioVersion = 18.2.11415.280
MinimumVisualStudioVersion = 10.0.40219.1
Project("{F184B08F-C81C-45F6-A57F-5ABD9991F28F}") = "DapperContext", "DapperContext\DapperContext.vbproj", "{0E753C37-F46A-4571-B139-96544037224E}"
EndProject
Project("{F184B08F-C81C-45F6-A57F-5ABD9991F28F}") = "DapperAuditContext", "DapperAuditContext\DapperAuditContext.vbproj", "{82068FE4-A141-44CB-BFE7-F29B51E2D2BA}"
EndProject
Project("{F184B08F-C81C-45F6-A57F-5ABD9991F28F}") = "DapperContextExample", "DapperContextTest\DapperContextExample.vbproj", "{605A0AB5-F21F-42CD-81B9-820A050A3EEF}"
EndProject
Project("{F184B08F-C81C-45F6-A57F-5ABD9991F28F}") = "DapperContext.SqlServer", "DapperContext.SqlServer\DapperContext.SqlServer.vbproj", "{B97CA764-7D66-49F2-B86B-1C0D24DBD16A}"
EndProject
Project("{F184B08F-C81C-45F6-A57F-5ABD9991F28F}") = "DapperAuditContext.SqlServer", "DapperAuditContext.SqlServer\DapperAuditContext.SqlServer.vbproj", "{86C19289-31FA-4E9F-9CD3-D24E91765112}"
EndProject
Project("{2150E333-8FDC-42A3-9474-1A3956D46DE8}") = "Core", "Core", "{6C83A596-D32D-B35F-00DD-F0C99B673980}"
EndProject
Project("{2150E333-8FDC-42A3-9474-1A3956D46DE8}") = "SqlServer", "SqlServer", "{B6E74DA0-42FE-42EE-A027-A0DDF491EB00}"
EndProject
Project("{2150E333-8FDC-42A3-9474-1A3956D46DE8}") = "MySql", "MySql", "{0B1EC070-5FCD-453D-A285-7FA71935C72C}"
EndProject
Project("{2150E333-8FDC-42A3-9474-1A3956D46DE8}") = "Providers", "Providers", "{EA6531DF-1D8A-4CDA-A54E-41CF3A21781F}"
EndProject
Project("{2150E333-8FDC-42A3-9474-1A3956D46DE8}") = "Example", "Example", "{C4A7F237-AB67-4895-8662-3759965FB907}"
EndProject
Project("{F184B08F-C81C-45F6-A57F-5ABD9991F28F}") = "DapperContext.MySql", "DapperContext.MySql\DapperContext.MySql.vbproj", "{F382EB18-A344-4575-B376-A1020A4BC882}"
EndProject
Project("{F184B08F-C81C-45F6-A57F-5ABD9991F28F}") = "DapperAuditContext.MySql", "DapperAuditContext.MySql\DapperAuditContext.MySql.vbproj", "{D95B85D0-9B6D-45C0-A4E1-EBC67773F96F}"
EndProject
Project("{2150E333-8FDC-42A3-9474-1A3956D46DE8}") = "Elementi di soluzione", "Elementi di soluzione", "{9DF70304-0A22-CE1E-AA12-D5904EE55694}"
	ProjectSection(SolutionItems) = preProject
		Directory.Build.props = Directory.Build.props
	EndProjectSection
EndProject
Project("{2150E333-8FDC-42A3-9474-1A3956D46DE8}") = "Oracle", "Oracle", "{E8DE9115-F8B0-4FAF-AECA-245016D90393}"
EndProject
Project("{2150E333-8FDC-42A3-9474-1A3956D46DE8}") = "SQLite", "SQLite", "{FC21582B-B2D0-4CA9-8F67-2F9DADF24F1B}"
EndProject
Project("{F184B08F-C81C-45F6-A57F-5ABD9991F28F}") = "DapperContext.SQLite", "DapperContext.SQLite\DapperContext.SQLite.vbproj", "{B327F2B0-EF90-4B76-B573-718312DC51FF}"
EndProject
Project("{F184B08F-C81C-45F6-A57F-5ABD9991F28F}") = "DapperAuditContext.SQLite", "DapperAuditContext.SQLite\DapperAuditContext.SQLite.vbproj", "{1B144819-E477-4BCC-9739-B231F6551140}"
EndProject
Project("{2150E333-8FDC-42A3-9474-1A3956D46DE8}") = "PostgreSQL", "PostgreSQL", "{526FB1E5-FFAB-4EC5-899A-7CF1FC1679D0}"
EndProject
Project("{F184B08F-C81C-45F6-A57F-5ABD9991F28F}") = "DapperContext.PostgreSQL", "DapperContext.PostgreSQL\DapperContext.PostgreSQL.vbproj", "{169D2985-301F-4A3A-AB4D-84A5E66D7E42}"
EndProject
Project("{F184B08F-C81C-45F6-A57F-5ABD9991F28F}") = "DapperAuditContext.PostgreSQL", "DapperAuditContext.PostgreSQL\DapperAuditContext.PostgreSQL.vbproj", "{A7A09D2C-E449-4072-951F-A3F0DA1E2396}"
EndProject
Project("{2150E333-8FDC-42A3-9474-1A3956D46DE8}") = "Assets", "Assets", "{220E62B3-376D-4FA1-80CB-30345E35A355}"
	ProjectSection(SolutionItems) = preProject
		Icon-Dapper-Context.png = Icon-Dapper-Context.png
		LICENSE.txt = LICENSE.txt
		README AUDIT.md = README AUDIT.md
		README.md = README.md
	EndProjectSection
EndProject
Project("{2150E333-8FDC-42A3-9474-1A3956D46DE8}") = "Firebird", "Firebird", "{35D7175B-D237-4B54-9D7F-32D1ACD27060}"
EndProject
Project("{F184B08F-C81C-45F6-A57F-5ABD9991F28F}") = "DapperContext.Firebird", "DapperContext.Firebird\DapperContext.Firebird.vbproj", "{AC3B8B9A-7058-46E3-B469-00B2F8E326F8}"
EndProject
Project("{F184B08F-C81C-45F6-A57F-5ABD9991F28F}") = "DapperAuditContext.Firebird", "DapperAuditContext.Firebird\DapperAuditContext.Firebird.vbproj", "{6EB75B55-DCC3-41AD-B4E3-9E808FA816CB}"
EndProject
Global
	GlobalSection(SolutionConfigurationPlatforms) = preSolution
		Debug|Any CPU = Debug|Any CPU
		Release|Any CPU = Release|Any CPU
	EndGlobalSection
	GlobalSection(ProjectConfigurationPlatforms) = postSolution
		{0E753C37-F46A-4571-B139-96544037224E}.Debug|Any CPU.ActiveCfg = Debug|Any CPU
		{0E753C37-F46A-4571-B139-96544037224E}.Debug|Any CPU.Build.0 = Debug|Any CPU
		{0E753C37-F46A-4571-B139-96544037224E}.Release|Any CPU.ActiveCfg = Release|Any CPU
		{0E753C37-F46A-4571-B139-96544037224E}.Release|Any CPU.Build.0 = Release|Any CPU
		{82068FE4-A141-44CB-BFE7-F29B51E2D2BA}.Debug|Any CPU.ActiveCfg = Debug|Any CPU
		{82068FE4-A141-44CB-BFE7-F29B51E2D2BA}.Debug|Any CPU.Build.0 = Debug|Any CPU
		{82068FE4-A141-44CB-BFE7-F29B51E2D2BA}.Release|Any CPU.ActiveCfg = Release|Any CPU
		{82068FE4-A141-44CB-BFE7-F29B51E2D2BA}.Release|Any CPU.Build.0 = Release|Any CPU
		{605A0AB5-F21F-42CD-81B9-820A050A3EEF}.Debug|Any CPU.ActiveCfg = Debug|Any CPU
		{605A0AB5-F21F-42CD-81B9-820A050A3EEF}.Debug|Any CPU.Build.0 = Debug|Any CPU
		{605A0AB5-F21F-42CD-81B9-820A050A3EEF}.Release|Any CPU.ActiveCfg = Release|Any CPU
		{605A0AB5-F21F-42CD-81B9-820A050A3EEF}.Release|Any CPU.Build.0 = Release|Any CPU
		{B97CA764-7D66-49F2-B86B-1C0D24DBD16A}.Debug|Any CPU.ActiveCfg = Debug|Any CPU
		{B97CA764-7D66-49F2-B86B-1C0D24DBD16A}.Debug|Any CPU.Build.0 = Debug|Any CPU
		{B97CA764-7D66-49F2-B86B-1C0D24DBD16A}.Release|Any CPU.ActiveCfg = Release|Any CPU
		{B97CA764-7D66-49F2-B86B-1C0D24DBD16A}.Release|Any CPU.Build.0 = Release|Any CPU
		{86C19289-31FA-4E9F-9CD3-D24E91765112}.Debug|Any CPU.ActiveCfg = Debug|Any CPU
		{86C19289-31FA-4E9F-9CD3-D24E91765112}.Debug|Any CPU.Build.0 = Debug|Any CPU
		{86C19289-31FA-4E9F-9CD3-D24E91765112}.Release|Any CPU.ActiveCfg = Release|Any CPU
		{86C19289-31FA-4E9F-9CD3-D24E91765112}.Release|Any CPU.Build.0 = Release|Any CPU
		{F382EB18-A344-4575-B376-A1020A4BC882}.Debug|Any CPU.ActiveCfg = Debug|Any CPU
		{F382EB18-A344-4575-B376-A1020A4BC882}.Debug|Any CPU.Build.0 = Debug|Any CPU
		{F382EB18-A344-4575-B376-A1020A4BC882}.Release|Any CPU.ActiveCfg = Release|Any CPU
		{F382EB18-A344-4575-B376-A1020A4BC882}.Release|Any CPU.Build.0 = Release|Any CPU
		{D95B85D0-9B6D-45C0-A4E1-EBC67773F96F}.Debug|Any CPU.ActiveCfg = Debug|Any CPU
		{D95B85D0-9B6D-45C0-A4E1-EBC67773F96F}.Debug|Any CPU.Build.0 = Debug|Any CPU
		{D95B85D0-9B6D-45C0-A4E1-EBC67773F96F}.Release|Any CPU.ActiveCfg = Release|Any CPU
		{D95B85D0-9B6D-45C0-A4E1-EBC67773F96F}.Release|Any CPU.Build.0 = Release|Any CPU
		{B327F2B0-EF90-4B76-B573-718312DC51FF}.Debug|Any CPU.ActiveCfg = Debug|Any CPU
		{B327F2B0-EF90-4B76-B573-718312DC51FF}.Debug|Any CPU.Build.0 = Debug|Any CPU
		{B327F2B0-EF90-4B76-B573-718312DC51FF}.Release|Any CPU.ActiveCfg = Release|Any CPU
		{B327F2B0-EF90-4B76-B573-718312DC51FF}.Release|Any CPU.Build.0 = Release|Any CPU
		{1B144819-E477-4BCC-9739-B231F6551140}.Debug|Any CPU.ActiveCfg = Debug|Any CPU
		{1B144819-E477-4BCC-9739-B231F6551140}.Debug|Any CPU.Build.0 = Debug|Any CPU
		{1B144819-E477-4BCC-9739-B231F6551140}.Release|Any CPU.ActiveCfg = Release|Any CPU
		{1B144819-E477-4BCC-9739-B231F6551140}.Release|Any CPU.Build.0 = Release|Any CPU
		{169D2985-301F-4A3A-AB4D-84A5E66D7E42}.Debug|Any CPU.ActiveCfg = Debug|Any CPU
		{169D2985-301F-4A3A-AB4D-84A5E66D7E42}.Debug|Any CPU.Build.0 = Debug|Any CPU
		{169D2985-301F-4A3A-AB4D-84A5E66D7E42}.Release|Any CPU.ActiveCfg = Release|Any CPU
		{169D2985-301F-4A3A-AB4D-84A5E66D7E42}.Release|Any CPU.Build.0 = Release|Any CPU
		{A7A09D2C-E449-4072-951F-A3F0DA1E2396}.Debug|Any CPU.ActiveCfg = Debug|Any CPU
		{A7A09D2C-E449-4072-951F-A3F0DA1E2396}.Debug|Any CPU.Build.0 = Debug|Any CPU
		{A7A09D2C-E449-4072-951F-A3F0DA1E2396}.Release|Any CPU.ActiveCfg = Release|Any CPU
		{A7A09D2C-E449-4072-951F-A3F0DA1E2396}.Release|Any CPU.Build.0 = Release|Any CPU
		{AC3B8B9A-7058-46E3-B469-00B2F8E326F8}.Debug|Any CPU.ActiveCfg = Debug|Any CPU
		{AC3B8B9A-7058-46E3-B469-00B2F8E326F8}.Debug|Any CPU.Build.0 = Debug|Any CPU
		{AC3B8B9A-7058-46E3-B469-00B2F8E326F8}.Release|Any CPU.ActiveCfg = Release|Any CPU
		{AC3B8B9A-7058-46E3-B469-00B2F8E326F8}.Release|Any CPU.Build.0 = Release|Any CPU
		{6EB75B55-DCC3-41AD-B4E3-9E808FA816CB}.Debug|Any CPU.ActiveCfg = Debug|Any CPU
		{6EB75B55-DCC3-41AD-B4E3-9E808FA816CB}.Debug|Any CPU.Build.0 = Debug|Any CPU
		{6EB75B55-DCC3-41AD-B4E3-9E808FA816CB}.Release|Any CPU.ActiveCfg = Release|Any CPU
		{6EB75B55-DCC3-41AD-B4E3-9E808FA816CB}.Release|Any CPU.Build.0 = Release|Any CPU
	EndGlobalSection
	GlobalSection(SolutionProperties) = preSolution
		HideSolutionNode = FALSE
	EndGlobalSection
	GlobalSection(NestedProjects) = preSolution
		{0E753C37-F46A-4571-B139-96544037224E} = {6C83A596-D32D-B35F-00DD-F0C99B673980}
		{82068FE4-A141-44CB-BFE7-F29B51E2D2BA} = {6C83A596-D32D-B35F-00DD-F0C99B673980}
		{605A0AB5-F21F-42CD-81B9-820A050A3EEF} = {C4A7F237-AB67-4895-8662-3759965FB907}
		{B97CA764-7D66-49F2-B86B-1C0D24DBD16A} = {B6E74DA0-42FE-42EE-A027-A0DDF491EB00}
		{86C19289-31FA-4E9F-9CD3-D24E91765112} = {B6E74DA0-42FE-42EE-A027-A0DDF491EB00}
		{B6E74DA0-42FE-42EE-A027-A0DDF491EB00} = {EA6531DF-1D8A-4CDA-A54E-41CF3A21781F}
		{0B1EC070-5FCD-453D-A285-7FA71935C72C} = {EA6531DF-1D8A-4CDA-A54E-41CF3A21781F}
		{F382EB18-A344-4575-B376-A1020A4BC882} = {0B1EC070-5FCD-453D-A285-7FA71935C72C}
		{D95B85D0-9B6D-45C0-A4E1-EBC67773F96F} = {0B1EC070-5FCD-453D-A285-7FA71935C72C}
		{E8DE9115-F8B0-4FAF-AECA-245016D90393} = {EA6531DF-1D8A-4CDA-A54E-41CF3A21781F}
		{FC21582B-B2D0-4CA9-8F67-2F9DADF24F1B} = {EA6531DF-1D8A-4CDA-A54E-41CF3A21781F}
		{B327F2B0-EF90-4B76-B573-718312DC51FF} = {FC21582B-B2D0-4CA9-8F67-2F9DADF24F1B}
		{1B144819-E477-4BCC-9739-B231F6551140} = {FC21582B-B2D0-4CA9-8F67-2F9DADF24F1B}
		{526FB1E5-FFAB-4EC5-899A-7CF1FC1679D0} = {EA6531DF-1D8A-4CDA-A54E-41CF3A21781F}
		{169D2985-301F-4A3A-AB4D-84A5E66D7E42} = {526FB1E5-FFAB-4EC5-899A-7CF1FC1679D0}
		{A7A09D2C-E449-4072-951F-A3F0DA1E2396} = {526FB1E5-FFAB-4EC5-899A-7CF1FC1679D0}
		{35D7175B-D237-4B54-9D7F-32D1ACD27060} = {EA6531DF-1D8A-4CDA-A54E-41CF3A21781F}
		{AC3B8B9A-7058-46E3-B469-00B2F8E326F8} = {35D7175B-D237-4B54-9D7F-32D1ACD27060}
		{6EB75B55-DCC3-41AD-B4E3-9E808FA816CB} = {35D7175B-D237-4B54-9D7F-32D1ACD27060}
	EndGlobalSection
	GlobalSection(ExtensibilityGlobals) = postSolution
		SolutionGuid = {6D2B34C4-C87D-4B8A-B0F8-DF573C39571D}
	EndGlobalSection
EndGlobal
